// !$*UTF8*$!
{
	archiveVersion = 1;
	classes = {
	};
	objectVersion = 46;
	objects = {

/* Begin PBXBuildFile section */
		74304A341F18685D00C3E7FD /* main.m in Sources */ = {isa = PBXBuildFile; fileRef = 74304A331F18685D00C3E7FD /* main.m */; };
		74304A371F18685D00C3E7FD /* AppDelegate.m in Sources */ = {isa = PBXBuildFile; fileRef = 74304A361F18685D00C3E7FD /* AppDelegate.m */; };
		74304A3A1F18685D00C3E7FD /* ViewController.m in Sources */ = {isa = PBXBuildFile; fileRef = 74304A391F18685D00C3E7FD /* ViewController.m */; };
		74304A3D1F18685D00C3E7FD /* Main.storyboard in Resources */ = {isa = PBXBuildFile; fileRef = 74304A3B1F18685D00C3E7FD /* Main.storyboard */; };
		74304A3F1F18685D00C3E7FD /* Assets.xcassets in Resources */ = {isa = PBXBuildFile; fileRef = 74304A3E1F18685D00C3E7FD /* Assets.xcassets */; };
		74304A421F18685D00C3E7FD /* LaunchScreen.storyboard in Resources */ = {isa = PBXBuildFile; fileRef = 74304A401F18685D00C3E7FD /* LaunchScreen.storyboard */; };
		74304A4D1F18685D00C3E7FD /* FourTests.m in Sources */ = {isa = PBXBuildFile; fileRef = 74304A4C1F18685D00C3E7FD /* FourTests.m */; };
		74304A581F18685D00C3E7FD /* FourUITests.m in Sources */ = {isa = PBXBuildFile; fileRef = 74304A571F18685D00C3E7FD /* FourUITests.m */; };
		74304A671F18691500C3E7FD /* SuperView.m in Sources */ = {isa = PBXBuildFile; fileRef = 74304A661F18691500C3E7FD /* SuperView.m */; };
/* End PBXBuildFile section */

/* Begin PBXContainerItemProxy section */
		74304A491F18685D00C3E7FD /* PBXContainerItemProxy */ = {
			isa = PBXContainerItemProxy;
			containerPortal = 74304A271F18685D00C3E7FD /* Project object */;
			proxyType = 1;
			remoteGlobalIDString = 74304A2E1F18685D00C3E7FD;
			remoteInfo = Four;
		};
		74304A541F18685D00C3E7FD /* PBXContainerItemProxy */ = {
			isa = PBXContainerItemProxy;
			containerPortal = 74304A271F18685D00C3E7FD /* Project object */;
			proxyType = 1;
			remoteGlobalIDString = 74304A2E1F18685D00C3E7FD;
			remoteInfo = Four;
		};
/* End PBXContainerItemProxy section */

/* Begin PBXFileReference section */
		74304A2F1F18685D00C3E7FD /* Four.app */ = {isa = PBXFileReference; explicitFileType = wrapper.application; includeInIndex = 0; path = Four.app; sourceTree = BUILT_PRODUCTS_DIR; };
		74304A331F18685D00C3E7FD /* main.m */ = {isa = PBXFileReference; lastKnownFileType = sourcecode.c.objc; path = main.m; sourceTree = "<group>"; };
		74304A351F18685D00C3E7FD /* AppDelegate.h */ = {isa = PBXFileReference; lastKnownFileType = sourcecode.c.h; path = AppDelegate.h; sourceTree = "<group>"; };
		74304A361F18685D00C3E7FD /* AppDelegate.m */ = {isa = PBXFileReference; lastKnownFileType = sourcecode.c.objc; path = AppDelegate.m; sourceTree = "<group>"; };
		74304A381F18685D00C3E7FD /* ViewController.h */ = {isa = PBXFileReference; lastKnownFileType = sourcecode.c.h; path = ViewController.h; sourceTree = "<group>"; };
		74304A391F18685D00C3E7FD /* ViewController.m */ = {isa = PBXFileReference; lastKnownFileType = sourcecode.c.objc; path = ViewController.m; sourceTree = "<group>"; };
		74304A3C1F18685D00C3E7FD /* Base */ = {isa = PBXFileReference; lastKnownFileType = file.storyboard; name = Base; path = Base.lproj/Main.storyboard; sourceTree = "<group>"; };
		74304A3E1F18685D00C3E7FD /* Assets.xcassets */ = {isa = PBXFileReference; lastKnownFileType = folder.assetcatalog; path = Assets.xcassets; sourceTree = "<group>"; };
		74304A411F18685D00C3E7FD /* Base */ = {isa = PBXFileReference; lastKnownFileType = file.storyboard; name = Base; path = Base.lproj/LaunchScreen.storyboard; sourceTree = "<group>"; };
		74304A431F18685D00C3E7FD /* Info.plist */ = {isa = PBXFileReference; lastKnownFileType = text.plist.xml; path = Info.plist; sourceTree = "<group>"; };
		74304A481F18685D00C3E7FD /* FourTests.xctest */ = {isa = PBXFileReference; explicitFileType = wrapper.cfbundle; includeInIndex = 0; path = FourTests.xctest; sourceTree = BUILT_PRODUCTS_DIR; };
		74304A4C1F18685D00C3E7FD /* FourTests.m */ = {isa = PBXFileReference; lastKnownFileType = sourcecode.c.objc; path = FourTests.m; sourceTree = "<group>"; };
		74304A4E1F18685D00C3E7FD /* Info.plist */ = {isa = PBXFileReference; lastKnownFileType = text.plist.xml; path = Info.plist; sourceTree = "<group>"; };
		74304A531F18685D00C3E7FD /* FourUITests.xctest */ = {isa = PBXFileReference; explicitFileType = wrapper.cfbundle; includeInIndex = 0; path = FourUITests.xctest; sourceTree = BUILT_PRODUCTS_DIR; };
		74304A571F18685D00C3E7FD /* FourUITests.m */ = {isa = PBXFileReference; lastKnownFileType = sourcecode.c.objc; path = FourUITests.m; sourceTree = "<group>"; };
		74304A591F18685D00C3E7FD /* Info.plist */ = {isa = PBXFileReference; lastKnownFileType = text.plist.xml; path = Info.plist; sourceTree = "<group>"; };
		74304A651F18691500C3E7FD /* SuperView.h */ = {isa = PBXFileReference; fileEncoding = 4; lastKnownFileType = sourcecode.c.h; path = SuperView.h; sourceTree = "<group>"; };
		74304A661F18691500C3E7FD /* SuperView.m */ = {isa = PBXFileReference; fileEncoding = 4; lastKnownFileType = sourcecode.c.objc; path = SuperView.m; sourceTree = "<group>"; };
/* End PBXFileReference section */

/* Begin PBXFrameworksBuildPhase section */
		74304A2C1F18685D00C3E7FD /* Frameworks */ = {
			isa = PBXFrameworksBuildPhase;
			buildActionMask = 2147483647;
			files = (
			);
			runOnlyForDeploymentPostprocessing = 0;
		};
		74304A451F18685D00C3E7FD /* Frameworks */ = {
			isa = PBXFrameworksBuildPhase;
			buildActionMask = 2147483647;
			files = (
			);
			runOnlyForDeploymentPostprocessing = 0;
		};
		74304A501F18685D00C3E7FD /* Frameworks */ = {
			isa = PBXFrameworksBuildPhase;
			buildActionMask = 2147483647;
			files = (
			);
			runOnlyForDeploymentPostprocessing = 0;
		};
/* End PBXFrameworksBuildPhase section */

/* Begin PBXGroup section */
		74304A261F18685C00C3E7FD = {
			isa = PBXGroup;
			children = (
				74304A311F18685D00C3E7FD /* Four */,
				74304A4B1F18685D00C3E7FD /* FourTests */,
				74304A561F18685D00C3E7FD /* FourUITests */,
				74304A301F18685D00C3E7FD /* Products */,
			);
			sourceTree = "<group>";
		};
		74304A301F18685D00C3E7FD /* Products */ = {
			isa = PBXGroup;
			children = (
				74304A2F1F18685D00C3E7FD /* Four.app */,
				74304A481F18685D00C3E7FD /* FourTests.xctest */,
				74304A531F18685D00C3E7FD /* FourUITests.xctest */,
			);
			name = Products;
			sourceTree = "<group>";
		};
		74304A311F18685D00C3E7FD /* Four */ = {
			isa = PBXGroup;
			children = (
				74304A651F18691500C3E7FD /* SuperView.h */,
				74304A661F18691500C3E7FD /* SuperView.m */,
				74304A351F18685D00C3E7FD /* AppDelegate.h */,
				74304A361F18685D00C3E7FD /* AppDelegate.m */,
				74304A381F18685D00C3E7FD /* ViewController.h */,
				74304A391F18685D00C3E7FD /* ViewController.m */,
				74304A3B1F18685D00C3E7FD /* Main.storyboard */,
				74304A3E1F18685D00C3E7FD /* Assets.xcassets */,
				74304A401F18685D00C3E7FD /* LaunchScreen.storyboard */,
				74304A431F18685D00C3E7FD /* Info.plist */,
				74304A321F18685D00C3E7FD /* Supporting Files */,
			);
			path = Four;
			sourceTree = "<group>";
		};
		74304A321F18685D00C3E7FD /* Supporting Files */ = {
			isa = PBXGroup;
			children = (
				74304A331F18685D00C3E7FD /* main.m */,
			);
			name = "Supporting Files";
			sourceTree = "<group>";
		};
		74304A4B1F18685D00C3E7FD /* FourTests */ = {
			isa = PBXGroup;
			children = (
				74304A4C1F18685D00C3E7FD /* FourTests.m */,
				74304A4E1F18685D00C3E7FD /* Info.plist */,
			);
			path = FourTests;
			sourceTree = "<group>";
		};
		74304A561F18685D00C3E7FD /* FourUITests */ = {
			isa = PBXGroup;
			children = (
				74304A571F18685D00C3E7FD /* FourUITests.m */,
				74304A591F18685D00C3E7FD /* Info.plist */,
			);
			path = FourUITests;
			sourceTree = "<group>";
		};
/* End PBXGroup section */

/* Begin PBXNativeTarget section */
		74304A2E1F18685D00C3E7FD /* Four */ = {
			isa = PBXNativeTarget;
			buildConfigurationList = 74304A5C1F18685D00C3E7FD /* Build configuration list for PBXNativeTarget "Four" */;
			buildPhases = (
				74304A2B1F18685D00C3E7FD /* Sources */,
				74304A2C1F18685D00C3E7FD /* Frameworks */,
				74304A2D1F18685D00C3E7FD /* Resources */,
			);
			buildRules = (
			);
			dependencies = (
			);
			name = Four;
			productName = Four;
			productReference = 74304A2F1F18685D00C3E7FD /* Four.app */;
			productType = "com.apple.product-type.application";
		};
		74304A471F18685D00C3E7FD /* FourTests */ = {
			isa = PBXNativeTarget;
			buildConfigurationList = 74304A5F1F18685D00C3E7FD /* Build configuration list for PBXNativeTarget "FourTests" */;
			buildPhases = (
				74304A441F18685D00C3E7FD /* Sources */,
				74304A451F18685D00C3E7FD /* Frameworks */,
				74304A461F18685D00C3E7FD /* Resources */,
			);
			buildRules = (
			);
			dependencies = (
				74304A4A1F18685D00C3E7FD /* PBXTargetDependency */,
			);
			name = FourTests;
			productName = FourTests;
			productReference = 74304A481F18685D00C3E7FD /* FourTests.xctest */;
			productType = "com.apple.product-type.bundle.unit-test";
		};
		74304A521F18685D00C3E7FD /* FourUITests */ = {
			isa = PBXNativeTarget;
			buildConfigurationList = 74304A621F18685D00C3E7FD /* Build configuration list for PBXNativeTarget "FourUITests" */;
			buildPhases = (
				74304A4F1F18685D00C3E7FD /* Sources */,
				74304A501F18685D00C3E7FD /* Frameworks */,
				74304A511F18685D00C3E7FD /* Resources */,
			);
			buildRules = (
			);
			dependencies = (
				74304A551F18685D00C3E7FD /* PBXTargetDependency */,
			);
			name = FourUITests;
			productName = FourUITests;
			productReference = 74304A531F18685D00C3E7FD /* FourUITests.xctest */;
			productType = "com.apple.product-type.bundle.ui-testing";
		};
/* End PBXNativeTarget section */

/* Begin PBXProject section */
		74304A271F18685D00C3E7FD /* Project object */ = {
			isa = PBXProject;
			attributes = {
				LastUpgradeCheck = 0830;
				ORGANIZATIONNAME = phybrain;
				TargetAttributes = {
					74304A2E1F18685D00C3E7FD = {
						CreatedOnToolsVersion = 8.3.3;
						ProvisioningStyle = Automatic;
					};
					74304A471F18685D00C3E7FD = {
						CreatedOnToolsVersion = 8.3.3;
						ProvisioningStyle = Automatic;
						TestTargetID = 74304A2E1F18685D00C3E7FD;
					};
					74304A521F18685D00C3E7FD = {
						CreatedOnToolsVersion = 8.3.3;
						ProvisioningStyle = Automatic;
						TestTargetID = 74304A2E1F18685D00C3E7FD;
					};
				};
			};
			buildConfigurationList = 74304A2A1F18685D00C3E7FD /* Build configuration list for PBXProject "Four" */;
			compatibilityVersion = "Xcode 3.2";
			developmentRegion = English;
			hasScannedForEncodings = 0;
			knownRegions = (
				en,
				Base,
			);
			mainGroup = 74304A261F18685C00C3E7FD;
			productRefGroup = 74304A301F18685D00C3E7FD /* Products */;
			projectDirPath = "";
			projectRoot = "";
			targets = (
				74304A2E1F18685D00C3E7FD /* Four */,
				74304A471F18685D00C3E7FD /* FourTests */,
				74304A521F18685D00C3E7FD /* FourUITests */,
			);
		};
/* End PBXProject section */

/* Begin PBXResourcesBuildPhase section */
		74304A2D1F18685D00C3E7FD /* Resources */ = {
			isa = PBXResourcesBuildPhase;
			buildActionMask = 2147483647;
			files = (
				74304A421F18685D00C3E7FD /* LaunchScreen.storyboard in Resources */,
				74304A3F1F18685D00C3E7FD /* Assets.xcassets in Resources */,
				74304A3D1F18685D00C3E7FD /* Main.storyboard in Resources */,
			);
			runOnlyForDeploymentPostprocessing = 0;
		};
		74304A461F18685D00C3E7FD /* Resources */ = {
			isa = PBXResourcesBuildPhase;
			buildActionMask = 2147483647;
			files = (
			);
			runOnlyForDeploymentPostprocessing = 0;
		};
		74304A511F18685D00C3E7FD /* Resources */ = {
			isa = PBXResourcesBuildPhase;
			buildActionMask = 2147483647;
			files = (
			);
			runOnlyForDeploymentPostprocessing = 0;
		};
/* End PBXResourcesBuildPhase section */

/* Begin PBXSourcesBuildPhase section */
		74304A2B1F18685D00C3E7FD /* Sources */ = {
			isa = PBXSourcesBuildPhase;
			buildActionMask = 2147483647;
			files = (
				74304A671F18691500C3E7FD /* SuperView.m in Sources */,
				74304A3A1F18685D00C3E7FD /* ViewController.m in Sources */,
				74304A371F18685D00C3E7FD /* AppDelegate.m in Sources */,
				74304A341F18685D00C3E7FD /* main.m in Sources */,
			);
			runOnlyForDeploymentPostprocessing = 0;
		};
		74304A441F18685D00C3E7FD /* Sources */ = {
			isa = PBXSourcesBuildPhase;
			buildActionMask = 2147483647;
			files = (
				74304A4D1F18685D00C3E7FD /* FourTests.m in Sources */,
			);
			runOnlyForDeploymentPostprocessing = 0;
		};
		74304A4F1F18685D00C3E7FD /* Sources */ = {
			isa = PBXSourcesBuildPhase;
			buildActionMask = 2147483647;
			files = (
				74304A581F18685D00C3E7FD /* FourUITests.m in Sources */,
			);
			runOnlyForDeploymentPostprocessing = 0;
		};
/* End PBXSourcesBuildPhase section */

/* Begin PBXTargetDependency section */
		74304A4A1F18685D00C3E7FD /* PBXTargetDependency */ = {
			isa = PBXTargetDependency;
			target = 74304A2E1F18685D00C3E7FD /* Four */;
			targetProxy = 74304A491F18685D00C3E7FD /* PBXContainerItemProxy */;
		};
		74304A551F18685D00C3E7FD /* PBXTargetDependency */ = {
			isa = PBXTargetDependency;
			target = 74304A2E1F18685D00C3E7FD /* Four */;
			targetProxy = 74304A541F18685D00C3E7FD /* PBXContainerItemProxy */;
		};
/* End PBXTargetDependency section */

/* Begin PBXVariantGroup section */
		74304A3B1F18685D00C3E7FD /* Main.storyboard */ = {
			isa = PBXVariantGroup;
			children = (
				74304A3C1F18685D00C3E7FD /* Base */,
			);
			name = Main.storyboard;
			sourceTree = "<group>";
		};
		74304A401F18685D00C3E7FD /* LaunchScreen.storyboard */ = {
			isa = PBXVariantGroup;
			children = (
				74304A411F18685D00C3E7FD /* Base */,
			);
			name = LaunchScreen.storyboard;
			sourceTree = "<group>";
		};
/* End PBXVariantGroup section */

/* Begin XCBuildConfiguration section */
		74304A5A1F18685D00C3E7FD /* Debug */ = {
			isa = XCBuildConfiguration;
			buildSettings = {
				ALWAYS_SEARCH_USER_PATHS = NO;
				CLANG_ANALYZER_NONNULL = YES;
				CLANG_ANALYZER_NUMBER_OBJECT_CONVERSION = YES_AGGRESSIVE;
				CLANG_CXX_LANGUAGE_STANDARD = "gnu++0x";
				CLANG_CXX_LIBRARY = "libc++";
				CLANG_ENABLE_MODULES = YES;
				CLANG_ENABLE_OBJC_ARC = YES;
				CLANG_WARN_BOOL_CONVERSION = YES;
				CLANG_WARN_CONSTANT_CONVERSION = YES;
				CLANG_WARN_DIRECT_OBJC_ISA_USAGE = YES_ERROR;
				CLANG_WARN_DOCUMENTATION_COMMENTS = YES;
				CLANG_WARN_EMPTY_BODY = YES;
				CLANG_WARN_ENUM_CONVERSION = YES;
				CLANG_WARN_INFINITE_RECURSION = YES;
				CLANG_WARN_INT_CONVERSION = YES;
				CLANG_WARN_OBJC_ROOT_CLASS = YES_ERROR;
				CLANG_WARN_SUSPICIOUS_MOVE = YES;
				CLANG_WARN_UNREACHABLE_CODE = YES;
				CLANG_WARN__DUPLICATE_METHOD_MATCH = YES;
				"CODE_SIGN_IDENTITY[sdk=iphoneos*]" = "iPhone Developer";
				COPY_PHASE_STRIP = NO;
				DEBUG_INFORMATION_FORMAT = dwarf;
				ENABLE_STRICT_OBJC_MSGSEND = YES;
				ENABLE_TESTABILITY = YES;
				GCC_C_LANGUAGE_STANDARD = gnu99;
				GCC_DYNAMIC_NO_PIC = NO;
				GCC_NO_COMMON_BLOCKS = YES;
				GCC_OPTIMIZATION_LEVEL = 0;
				GCC_PREPROCESSOR_DEFINITIONS = (
					"DEBUG=1",
					"$(inherited)",
				);
				GCC_WARN_64_TO_32_BIT_CONVERSION = YES;
				GCC_WARN_ABOUT_RETURN_TYPE = YES_ERROR;
				GCC_WARN_UNDECLARED_SELECTOR = YES;
				GCC_WARN_UNINITIALIZED_AUTOS = YES_AGGRESSIVE;
				GCC_WARN_UNUSED_FUNCTION = YES;
				GCC_WARN_UNUSED_VARIABLE = YES;
				IPHONEOS_DEPLOYMENT_TARGET = 10.3;
				MTL_ENABLE_DEBUG_INFO = YES;
				ONLY_ACTIVE_ARCH = YES;
				SDKROOT = iphoneos;
				TARGETED_DEVICE_FAMILY = "1,2";
			};
			name = Debug;
		};
		74304A5B1F18685D00C3E7FD /* Release */ = {
			isa = XCBuildConfiguration;
			buildSettings = {
				ALWAYS_SEARCH_USER_PATHS = NO;
				CLANG_ANALYZER_NONNULL = YES;
				CLANG_ANALYZER_NUMBER_OBJECT_CONVERSION = YES_AGGRESSIVE;
				CLANG_CXX_LANGUAGE_STANDARD = "gnu++0x";
				CLANG_CXX_LIBRARY = "libc++";
				CLANG_ENABLE_MODULES = YES;
				CLANG_ENABLE_OBJC_ARC = YES;
				CLANG_WARN_BOOL_CONVERSION = YES;
				CLANG_WARN_CONSTANT_CONVERSION = YES;
				CLANG_WARN_DIRECT_OBJC_ISA_USAGE = YES_ERROR;
				CLANG_WARN_DOCUMENTATION_COMMENTS = YES;
				CLANG_WARN_EMPTY_BODY = YES;
				CLANG_WARN_ENUM_CONVERSION = YES;
				CLANG_WARN_INFINITE_RECURSION = YES;
				CLANG_WARN_INT_CONVERSION = YES;
				CLANG_WARN_OBJC_ROOT_CLASS = YES_ERROR;
				CLANG_WARN_SUSPICIOUS_MOVE = YES;
				CLANG_WARN_UNREACHABLE_CODE = YES;
				CLANG_WARN__DUPLICATE_METHOD_MATCH = YES;
				"CODE_SIGN_IDENTITY[sdk=iphoneos*]" = "iPhone Developer";
				COPY_PHASE_STRIP = NO;
				DEBUG_INFORMATION_FORMAT = "dwarf-with-dsym";
				ENABLE_NS_ASSERTIONS = NO;
				ENABLE_STRICT_OBJC_MSGSEND = YES;
				GCC_C_LANGUAGE_STANDARD = gnu99;
				GCC_NO_COMMON_BLOCKS = YES;
				GCC_WARN_64_TO_32_BIT_CONVERSION = YES;
				GCC_WARN_ABOUT_RETURN_TYPE = YES_ERROR;
				GCC_WARN_UNDECLARED_SELECTOR = YES;
				GCC_WARN_UNINITIALIZED_AUTOS = YES_AGGRESSIVE;
				GCC_WARN_UNUSED_FUNCTION = YES;
				GCC_WARN_UNUSED_VARIABLE = YES;
				IPHONEOS_DEPLOYMENT_TARGET = 10.3;
				MTL_ENABLE_DEBUG_INFO = NO;
				SDKROOT = iphoneos;
				TARGETED_DEVICE_FAMILY = "1,2";
				VALIDATE_PRODUCT = YES;
			};
			name = Release;
		};
		74304A5D1F18685D00C3E7FD /* Debug */ = {
			isa = XCBuildConfiguration;
			buildSettings = {
				ASSETCATALOG_COMPILER_APPICON_NAME = AppIcon;
				INFOPLIST_FILE = Four/Info.plist;
				LD_RUNPATH_SEARCH_PATHS = "$(inherited) @executable_path/Frameworks";
				PRODUCT_BUNDLE_IDENTIFIER = com.xxx.Four;
				PRODUCT_NAME = "$(TARGET_NAME)";
			};
			name = Debug;
		};
		74304A5E1F18685D00C3E7FD /* Release */ = {
			isa = XCBuildConfiguration;
			buildSettings = {
				ASSETCATALOG_COMPILER_APPICON_NAME = AppIcon;
				INFOPLIST_FILE = Four/Info.plist;
				LD_RUNPATH_SEARCH_PATHS = "$(inherited) @executable_path/Frameworks";
				PRODUCT_BUNDLE_IDENTIFIER = com.xxx.Four;
				PRODUCT_NAME = "$(TARGET_NAME)";
			};
			name = Release;
		};
		74304A601F18685D00C3E7FD /* Debug */ = {
			isa = XCBuildConfiguration;
			buildSettings = {
				BUNDLE_LOADER = "$(TEST_HOST)";
				INFOPLIST_FILE = FourTests/Info.plist;
				LD_RUNPATH_SEARCH_PATHS = "$(inherited) @executable_path/Frameworks @loader_path/Frameworks";
				PRODUCT_BUNDLE_IDENTIFIER = com.xxx.FourTests;
				PRODUCT_NAME = "$(TARGET_NAME)";
				TEST_HOST = "$(BUILT_PRODUCTS_DIR)/Four.app/Four";
			};
			name = Debug;
		};
		74304A611F18685D00C3E7FD /* Release */ = {
			isa = XCBuildConfiguration;
			buildSettings = {
				BUNDLE_LOADER = "$(TEST_HOST)";
				INFOPLIST_FILE = FourTests/Info.plist;
				LD_RUNPATH_SEARCH_PATHS = "$(inherited) @executable_path/Frameworks @loader_path/Frameworks";
				PRODUCT_BUNDLE_IDENTIFIER = com.xxx.FourTests;
				PRODUCT_NAME = "$(TARGET_NAME)";
				TEST_HOST = "$(BUILT_PRODUCTS_DIR)/Four.app/Four";
			};
			name = Release;
		};
		74304A631F18685D00C3E7FD /* Debug */ = {
			isa = XCBuildConfiguration;
			buildSettings = {
				INFOPLIST_FILE = FourUITests/Info.plist;
				LD_RUNPATH_SEARCH_PATHS = "$(inherited) @executable_path/Frameworks @loader_path/Frameworks";
				PRODUCT_BUNDLE_IDENTIFIER = com.xxx.FourUITests;
				PRODUCT_NAME = "$(TARGET_NAME)";
				TEST_TARGET_NAME = Four;
			};
			name = Debug;
		};
		74304A641F18685D00C3E7FD /* Release */ = {
			isa = XCBuildConfiguration;
			buildSettings = {
				INFOPLIST_FILE = FourUITests/Info.plist;
				LD_RUNPATH_SEARCH_PATHS = "$(inherited) @executable_path/Frameworks @loader_path/Frameworks";
				PRODUCT_BUNDLE_IDENTIFIER = com.xxx.FourUITests;
				PRODUCT_NAME = "$(TARGET_NAME)";
				TEST_TARGET_NAME = Four;
			};
			name = Release;
		};
/* End XCBuildConfiguration section */

/* Begin XCConfigurationList section */
		74304A2A1F18685D00C3E7FD /* Build configuration list for PBXProject "Four" */ = {
			isa = XCConfigurationList;
			buildConfigurations = (
				74304A5A1F18685D00C3E7FD /* Debug */,
				74304A5B1F18685D00C3E7FD /* Release */,
			);
			defaultConfigurationIsVisible = 0;
			defaultConfigurationName = Release;
		};
		74304A5C1F18685D00C3E7FD /* Build configuration list for PBXNativeTarget "Four" */ = {
			isa = XCConfigurationList;
			buildConfigurations = (
				74304A5D1F18685D00C3E7FD /* Debug */,
				74304A5E1F18685D00C3E7FD /* Release */,
			);
			defaultConfigurationIsVisible = 0;
		};
		74304A5F1F18685D00C3E7FD /* Build configuration list for PBXNativeTarget "FourTests" */ = {
			isa = XCConfigurationList;
			buildConfigurations = (
				74304A601F18685D00C3E7FD /* Debug */,
				74304A611F18685D00C3E7FD /* Release */,
			);
			defaultConfigurationIsVisible = 0;
		};
		74304A621F18685D00C3E7FD /* Build configuration list for PBXNativeTarget "FourUITests" */ = {
			isa = XCConfigurationList;
			buildConfigurations = (
				74304A631F18685D00C3E7FD /* Debug */,
				74304A641F18685D00C3E7FD /* Release */,
			);
			defaultConfigurationIsVisible = 0;
		};
/* End XCConfigurationList section */
	};
	rootObject = 74304A271F18685D00C3E7FD /* Project object */;
}
