// !$*UTF8*$!
{
	archiveVersion = 1;
	classes = {
	};
	objectVersion = 46;
	objects = {

/* Begin PBXBuildFile section */
		7465CAA91F17153400795983 /* main.m in Sources */ = {isa = PBXBuildFile; fileRef = 7465CAA81F17153400795983 /* main.m */; };
		7465CAAC1F17153400795983 /* AppDelegate.m in Sources */ = {isa = PBXBuildFile; fileRef = 7465CAAB1F17153400795983 /* AppDelegate.m */; };
		7465CAAF1F17153400795983 /* ViewController.m in Sources */ = {isa = PBXBuildFile; fileRef = 7465CAAE1F17153400795983 /* ViewController.m */; };
		7465CAB21F17153400795983 /* Main.storyboard in Resources */ = {isa = PBXBuildFile; fileRef = 7465CAB01F17153400795983 /* Main.storyboard */; };
		7465CAB41F17153400795983 /* Assets.xcassets in Resources */ = {isa = PBXBuildFile; fileRef = 7465CAB31F17153400795983 /* Assets.xcassets */; };
		7465CAB71F17153400795983 /* LaunchScreen.storyboard in Resources */ = {isa = PBXBuildFile; fileRef = 7465CAB51F17153400795983 /* LaunchScreen.storyboard */; };
		7465CAC21F17153400795983 /* SecondTests.m in Sources */ = {isa = PBXBuildFile; fileRef = 7465CAC11F17153400795983 /* SecondTests.m */; };
		7465CACD1F17153400795983 /* SecondUITests.m in Sources */ = {isa = PBXBuildFile; fileRef = 7465CACC1F17153400795983 /* SecondUITests.m */; };
/* End PBXBuildFile section */

/* Begin PBXContainerItemProxy section */
		7465CABE1F17153400795983 /* PBXContainerItemProxy */ = {
			isa = PBXContainerItemProxy;
			containerPortal = 7465CA9C1F17153300795983 /* Project object */;
			proxyType = 1;
			remoteGlobalIDString = 7465CAA31F17153400795983;
			remoteInfo = Second;
		};
		7465CAC91F17153400795983 /* PBXContainerItemProxy */ = {
			isa = PBXContainerItemProxy;
			containerPortal = 7465CA9C1F17153300795983 /* Project object */;
			proxyType = 1;
			remoteGlobalIDString = 7465CAA31F17153400795983;
			remoteInfo = Second;
		};
/* End PBXContainerItemProxy section */

/* Begin PBXFileReference section */
		7465CAA41F17153400795983 /* Second.app */ = {isa = PBXFileReference; explicitFileType = wrapper.application; includeInIndex = 0; path = Second.app; sourceTree = BUILT_PRODUCTS_DIR; };
		7465CAA81F17153400795983 /* main.m */ = {isa = PBXFileReference; lastKnownFileType = sourcecode.c.objc; path = main.m; sourceTree = "<group>"; };
		7465CAAA1F17153400795983 /* AppDelegate.h */ = {isa = PBXFileReference; lastKnownFileType = sourcecode.c.h; path = AppDelegate.h; sourceTree = "<group>"; };
		7465CAAB1F17153400795983 /* AppDelegate.m */ = {isa = PBXFileReference; lastKnownFileType = sourcecode.c.objc; path = AppDelegate.m; sourceTree = "<group>"; };
		7465CAAD1F17153400795983 /* ViewController.h */ = {isa = PBXFileReference; lastKnownFileType = sourcecode.c.h; path = ViewController.h; sourceTree = "<group>"; };
		7465CAAE1F17153400795983 /* ViewController.m */ = {isa = PBXFileReference; lastKnownFileType = sourcecode.c.objc; path = ViewController.m; sourceTree = "<group>"; };
		7465CAB11F17153400795983 /* Base */ = {isa = PBXFileReference; lastKnownFileType = file.storyboard; name = Base; path = Base.lproj/Main.storyboard; sourceTree = "<group>"; };
		7465CAB31F17153400795983 /* Assets.xcassets */ = {isa = PBXFileReference; lastKnownFileType = folder.assetcatalog; path = Assets.xcassets; sourceTree = "<group>"; };
		7465CAB61F17153400795983 /* Base */ = {isa = PBXFileReference; lastKnownFileType = file.storyboard; name = Base; path = Base.lproj/LaunchScreen.storyboard; sourceTree = "<group>"; };
		7465CAB81F17153400795983 /* Info.plist */ = {isa = PBXFileReference; lastKnownFileType = text.plist.xml; path = Info.plist; sourceTree = "<group>"; };
		7465CABD1F17153400795983 /* SecondTests.xctest */ = {isa = PBXFileReference; explicitFileType = wrapper.cfbundle; includeInIndex = 0; path = SecondTests.xctest; sourceTree = BUILT_PRODUCTS_DIR; };
		7465CAC11F17153400795983 /* SecondTests.m */ = {isa = PBXFileReference; lastKnownFileType = sourcecode.c.objc; path = SecondTests.m; sourceTree = "<group>"; };
		7465CAC31F17153400795983 /* Info.plist */ = {isa = PBXFileReference; lastKnownFileType = text.plist.xml; path = Info.plist; sourceTree = "<group>"; };
		7465CAC81F17153400795983 /* SecondUITests.xctest */ = {isa = PBXFileReference; explicitFileType = wrapper.cfbundle; includeInIndex = 0; path = SecondUITests.xctest; sourceTree = BUILT_PRODUCTS_DIR; };
		7465CACC1F17153400795983 /* SecondUITests.m */ = {isa = PBXFileReference; lastKnownFileType = sourcecode.c.objc; path = SecondUITests.m; sourceTree = "<group>"; };
		7465CACE1F17153400795983 /* Info.plist */ = {isa = PBXFileReference; lastKnownFileType = text.plist.xml; path = Info.plist; sourceTree = "<group>"; };
/* End PBXFileReference section */

/* Begin PBXFrameworksBuildPhase section */
		7465CAA11F17153400795983 /* Frameworks */ = {
			isa = PBXFrameworksBuildPhase;
			buildActionMask = 2147483647;
			files = (
			);
			runOnlyForDeploymentPostprocessing = 0;
		};
		7465CABA1F17153400795983 /* Frameworks */ = {
			isa = PBXFrameworksBuildPhase;
			buildActionMask = 2147483647;
			files = (
			);
			runOnlyForDeploymentPostprocessing = 0;
		};
		7465CAC51F17153400795983 /* Frameworks */ = {
			isa = PBXFrameworksBuildPhase;
			buildActionMask = 2147483647;
			files = (
			);
			runOnlyForDeploymentPostprocessing = 0;
		};
/* End PBXFrameworksBuildPhase section */

/* Begin PBXGroup section */
		7465CA9B1F17153300795983 = {
			isa = PBXGroup;
			children = (
				7465CAA61F17153400795983 /* Second */,
				7465CAC01F17153400795983 /* SecondTests */,
				7465CACB1F17153400795983 /* SecondUITests */,
				7465CAA51F17153400795983 /* Products */,
			);
			sourceTree = "<group>";
		};
		7465CAA51F17153400795983 /* Products */ = {
			isa = PBXGroup;
			children = (
				7465CAA41F17153400795983 /* Second.app */,
				7465CABD1F17153400795983 /* SecondTests.xctest */,
				7465CAC81F17153400795983 /* SecondUITests.xctest */,
			);
			name = Products;
			sourceTree = "<group>";
		};
		7465CAA61F17153400795983 /* Second */ = {
			isa = PBXGroup;
			children = (
				7465CAAA1F17153400795983 /* AppDelegate.h */,
				7465CAAB1F17153400795983 /* AppDelegate.m */,
				7465CAAD1F17153400795983 /* ViewController.h */,
				7465CAAE1F17153400795983 /* ViewController.m */,
				7465CAB01F17153400795983 /* Main.storyboard */,
				7465CAB31F17153400795983 /* Assets.xcassets */,
				7465CAB51F17153400795983 /* LaunchScreen.storyboard */,
				7465CAB81F17153400795983 /* Info.plist */,
				7465CAA71F17153400795983 /* Supporting Files */,
			);
			path = Second;
			sourceTree = "<group>";
		};
		7465CAA71F17153400795983 /* Supporting Files */ = {
			isa = PBXGroup;
			children = (
				7465CAA81F17153400795983 /* main.m */,
			);
			name = "Supporting Files";
			sourceTree = "<group>";
		};
		7465CAC01F17153400795983 /* SecondTests */ = {
			isa = PBXGroup;
			children = (
				7465CAC11F17153400795983 /* SecondTests.m */,
				7465CAC31F17153400795983 /* Info.plist */,
			);
			path = SecondTests;
			sourceTree = "<group>";
		};
		7465CACB1F17153400795983 /* SecondUITests */ = {
			isa = PBXGroup;
			children = (
				7465CACC1F17153400795983 /* SecondUITests.m */,
				7465CACE1F17153400795983 /* Info.plist */,
			);
			path = SecondUITests;
			sourceTree = "<group>";
		};
/* End PBXGroup section */

/* Begin PBXNativeTarget section */
		7465CAA31F17153400795983 /* Second */ = {
			isa = PBXNativeTarget;
			buildConfigurationList = 7465CAD11F17153400795983 /* Build configuration list for PBXNativeTarget "Second" */;
			buildPhases = (
				7465CAA01F17153400795983 /* Sources */,
				7465CAA11F17153400795983 /* Frameworks */,
				7465CAA21F17153400795983 /* Resources */,
			);
			buildRules = (
			);
			dependencies = (
			);
			name = Second;
			productName = Second;
			productReference = 7465CAA41F17153400795983 /* Second.app */;
			productType = "com.apple.product-type.application";
		};
		7465CABC1F17153400795983 /* SecondTests */ = {
			isa = PBXNativeTarget;
			buildConfigurationList = 7465CAD41F17153400795983 /* Build configuration list for PBXNativeTarget "SecondTests" */;
			buildPhases = (
				7465CAB91F17153400795983 /* Sources */,
				7465CABA1F17153400795983 /* Frameworks */,
				7465CABB1F17153400795983 /* Resources */,
			);
			buildRules = (
			);
			dependencies = (
				7465CABF1F17153400795983 /* PBXTargetDependency */,
			);
			name = SecondTests;
			productName = SecondTests;
			productReference = 7465CABD1F17153400795983 /* SecondTests.xctest */;
			productType = "com.apple.product-type.bundle.unit-test";
		};
		7465CAC71F17153400795983 /* SecondUITests */ = {
			isa = PBXNativeTarget;
			buildConfigurationList = 7465CAD71F17153400795983 /* Build configuration list for PBXNativeTarget "SecondUITests" */;
			buildPhases = (
				7465CAC41F17153400795983 /* Sources */,
				7465CAC51F17153400795983 /* Frameworks */,
				7465CAC61F17153400795983 /* Resources */,
			);
			buildRules = (
			);
			dependencies = (
				7465CACA1F17153400795983 /* PBXTargetDependency */,
			);
			name = SecondUITests;
			productName = SecondUITests;
			productReference = 7465CAC81F17153400795983 /* SecondUITests.xctest */;
			productType = "com.apple.product-type.bundle.ui-testing";
		};
/* End PBXNativeTarget section */

/* Begin PBXProject section */
		7465CA9C1F17153300795983 /* Project object */ = {
			isa = PBXProject;
			attributes = {
				LastUpgradeCheck = 0830;
				ORGANIZATIONNAME = phybrain;
				TargetAttributes = {
					7465CAA31F17153400795983 = {
						CreatedOnToolsVersion = 8.3.3;
						ProvisioningStyle = Automatic;
					};
					7465CABC1F17153400795983 = {
						CreatedOnToolsVersion = 8.3.3;
						ProvisioningStyle = Automatic;
						TestTargetID = 7465CAA31F17153400795983;
					};
					7465CAC71F17153400795983 = {
						CreatedOnToolsVersion = 8.3.3;
						ProvisioningStyle = Automatic;
						TestTargetID = 7465CAA31F17153400795983;
					};
				};
			};
			buildConfigurationList = 7465CA9F1F17153300795983 /* Build configuration list for PBXProject "Second" */;
			compatibilityVersion = "Xcode 3.2";
			developmentRegion = English;
			hasScannedForEncodings = 0;
			knownRegions = (
				en,
				Base,
			);
			mainGroup = 7465CA9B1F17153300795983;
			productRefGroup = 7465CAA51F17153400795983 /* Products */;
			projectDirPath = "";
			projectRoot = "";
			targets = (
				7465CAA31F17153400795983 /* Second */,
				7465CABC1F17153400795983 /* SecondTests */,
				7465CAC71F17153400795983 /* SecondUITests */,
			);
		};
/* End PBXProject section */

/* Begin PBXResourcesBuildPhase section */
		7465CAA21F17153400795983 /* Resources */ = {
			isa = PBXResourcesBuildPhase;
			buildActionMask = 2147483647;
			files = (
				7465CAB71F17153400795983 /* LaunchScreen.storyboard in Resources */,
				7465CAB41F17153400795983 /* Assets.xcassets in Resources */,
				7465CAB21F17153400795983 /* Main.storyboard in Resources */,
			);
			runOnlyForDeploymentPostprocessing = 0;
		};
		7465CABB1F17153400795983 /* Resources */ = {
			isa = PBXResourcesBuildPhase;
			buildActionMask = 2147483647;
			files = (
			);
			runOnlyForDeploymentPostprocessing = 0;
		};
		7465CAC61F17153400795983 /* Resources */ = {
			isa = PBXResourcesBuildPhase;
			buildActionMask = 2147483647;
			files = (
			);
			runOnlyForDeploymentPostprocessing = 0;
		};
/* End PBXResourcesBuildPhase section */

/* Begin PBXSourcesBuildPhase section */
		7465CAA01F17153400795983 /* Sources */ = {
			isa = PBXSourcesBuildPhase;
			buildActionMask = 2147483647;
			files = (
				7465CAAF1F17153400795983 /* ViewController.m in Sources */,
				7465CAAC1F17153400795983 /* AppDelegate.m in Sources */,
				7465CAA91F17153400795983 /* main.m in Sources */,
			);
			runOnlyForDeploymentPostprocessing = 0;
		};
		7465CAB91F17153400795983 /* Sources */ = {
			isa = PBXSourcesBuildPhase;
			buildActionMask = 2147483647;
			files = (
				7465CAC21F17153400795983 /* SecondTests.m in Sources */,
			);
			runOnlyForDeploymentPostprocessing = 0;
		};
		7465CAC41F17153400795983 /* Sources */ = {
			isa = PBXSourcesBuildPhase;
			buildActionMask = 2147483647;
			files = (
				7465CACD1F17153400795983 /* SecondUITests.m in Sources */,
			);
			runOnlyForDeploymentPostprocessing = 0;
		};
/* End PBXSourcesBuildPhase section */

/* Begin PBXTargetDependency section */
		7465CABF1F17153400795983 /* PBXTargetDependency */ = {
			isa = PBXTargetDependency;
			target = 7465CAA31F17153400795983 /* Second */;
			targetProxy = 7465CABE1F17153400795983 /* PBXContainerItemProxy */;
		};
		7465CACA1F17153400795983 /* PBXTargetDependency */ = {
			isa = PBXTargetDependency;
			target = 7465CAA31F17153400795983 /* Second */;
			targetProxy = 7465CAC91F17153400795983 /* PBXContainerItemProxy */;
		};
/* End PBXTargetDependency section */

/* Begin PBXVariantGroup section */
		7465CAB01F17153400795983 /* Main.storyboard */ = {
			isa = PBXVariantGroup;
			children = (
				7465CAB11F17153400795983 /* Base */,
			);
			name = Main.storyboard;
			sourceTree = "<group>";
		};
		7465CAB51F17153400795983 /* LaunchScreen.storyboard */ = {
			isa = PBXVariantGroup;
			children = (
				7465CAB61F17153400795983 /* Base */,
			);
			name = LaunchScreen.storyboard;
			sourceTree = "<group>";
		};
/* End PBXVariantGroup section */

/* Begin XCBuildConfiguration section */
		7465CACF1F17153400795983 /* Debug */ = {
			isa = XCBuildConfiguration;
			buildSettings = {
				ALWAYS_SEARCH_USER_PATHS = NO;
				CLANG_ANALYZER_NONNULL = YES;
				CLANG_ANALYZER_NUMBER_OBJECT_CONVERSION = YES_AGGRESSIVE;
				CLANG_CXX_LANGUAGE_STANDARD = "gnu++0x";
				CLANG_CXX_LIBRARY = "libc++";
				CLANG_ENABLE_MODULES = YES;
				CLANG_ENABLE_OBJC_ARC = YES;
				CLANG_WARN_BOOL_CONVERSION = YES;
				CLANG_WARN_CONSTANT_CONVERSION = YES;
				CLANG_WARN_DIRECT_OBJC_ISA_USAGE = YES_ERROR;
				CLANG_WARN_DOCUMENTATION_COMMENTS = YES;
				CLANG_WARN_EMPTY_BODY = YES;
				CLANG_WARN_ENUM_CONVERSION = YES;
				CLANG_WARN_INFINITE_RECURSION = YES;
				CLANG_WARN_INT_CONVERSION = YES;
				CLANG_WARN_OBJC_ROOT_CLASS = YES_ERROR;
				CLANG_WARN_SUSPICIOUS_MOVE = YES;
				CLANG_WARN_UNREACHABLE_CODE = YES;
				CLANG_WARN__DUPLICATE_METHOD_MATCH = YES;
				"CODE_SIGN_IDENTITY[sdk=iphoneos*]" = "iPhone Developer";
				COPY_PHASE_STRIP = NO;
				DEBUG_INFORMATION_FORMAT = dwarf;
				ENABLE_STRICT_OBJC_MSGSEND = YES;
				ENABLE_TESTABILITY = YES;
				GCC_C_LANGUAGE_STANDARD = gnu99;
				GCC_DYNAMIC_NO_PIC = NO;
				GCC_NO_COMMON_BLOCKS = YES;
				GCC_OPTIMIZATION_LEVEL = 0;
				GCC_PREPROCESSOR_DEFINITIONS = (
					"DEBUG=1",
					"$(inherited)",
				);
				GCC_WARN_64_TO_32_BIT_CONVERSION = YES;
				GCC_WARN_ABOUT_RETURN_TYPE = YES_ERROR;
				GCC_WARN_UNDECLARED_SELECTOR = YES;
				GCC_WARN_UNINITIALIZED_AUTOS = YES_AGGRESSIVE;
				GCC_WARN_UNUSED_FUNCTION = YES;
				GCC_WARN_UNUSED_VARIABLE = YES;
				IPHONEOS_DEPLOYMENT_TARGET = 10.3;
				MTL_ENABLE_DEBUG_INFO = YES;
				ONLY_ACTIVE_ARCH = YES;
				SDKROOT = iphoneos;
				TARGETED_DEVICE_FAMILY = "1,2";
			};
			name = Debug;
		};
		7465CAD01F17153400795983 /* Release */ = {
			isa = XCBuildConfiguration;
			buildSettings = {
				ALWAYS_SEARCH_USER_PATHS = NO;
				CLANG_ANALYZER_NONNULL = YES;
				CLANG_ANALYZER_NUMBER_OBJECT_CONVERSION = YES_AGGRESSIVE;
				CLANG_CXX_LANGUAGE_STANDARD = "gnu++0x";
				CLANG_CXX_LIBRARY = "libc++";
				CLANG_ENABLE_MODULES = YES;
				CLANG_ENABLE_OBJC_ARC = YES;
				CLANG_WARN_BOOL_CONVERSION = YES;
				CLANG_WARN_CONSTANT_CONVERSION = YES;
				CLANG_WARN_DIRECT_OBJC_ISA_USAGE = YES_ERROR;
				CLANG_WARN_DOCUMENTATION_COMMENTS = YES;
				CLANG_WARN_EMPTY_BODY = YES;
				CLANG_WARN_ENUM_CONVERSION = YES;
				CLANG_WARN_INFINITE_RECURSION = YES;
				CLANG_WARN_INT_CONVERSION = YES;
				CLANG_WARN_OBJC_ROOT_CLASS = YES_ERROR;
				CLANG_WARN_SUSPICIOUS_MOVE = YES;
				CLANG_WARN_UNREACHABLE_CODE = YES;
				CLANG_WARN__DUPLICATE_METHOD_MATCH = YES;
				"CODE_SIGN_IDENTITY[sdk=iphoneos*]" = "iPhone Developer";
				COPY_PHASE_STRIP = NO;
				DEBUG_INFORMATION_FORMAT = "dwarf-with-dsym";
				ENABLE_NS_ASSERTIONS = NO;
				ENABLE_STRICT_OBJC_MSGSEND = YES;
				GCC_C_LANGUAGE_STANDARD = gnu99;
				GCC_NO_COMMON_BLOCKS = YES;
				GCC_WARN_64_TO_32_BIT_CONVERSION = YES;
				GCC_WARN_ABOUT_RETURN_TYPE = YES_ERROR;
				GCC_WARN_UNDECLARED_SELECTOR = YES;
				GCC_WARN_UNINITIALIZED_AUTOS = YES_AGGRESSIVE;
				GCC_WARN_UNUSED_FUNCTION = YES;
				GCC_WARN_UNUSED_VARIABLE = YES;
				IPHONEOS_DEPLOYMENT_TARGET = 10.3;
				MTL_ENABLE_DEBUG_INFO = NO;
				SDKROOT = iphoneos;
				TARGETED_DEVICE_FAMILY = "1,2";
				VALIDATE_PRODUCT = YES;
			};
			name = Release;
		};
		7465CAD21F17153400795983 /* Debug */ = {
			isa = XCBuildConfiguration;
			buildSettings = {
				ASSETCATALOG_COMPILER_APPICON_NAME = AppIcon;
				INFOPLIST_FILE = Second/Info.plist;
				LD_RUNPATH_SEARCH_PATHS = "$(inherited) @executable_path/Frameworks";
				PRODUCT_BUNDLE_IDENTIFIER = com.xxx.Second;
				PRODUCT_NAME = "$(TARGET_NAME)";
			};
			name = Debug;
		};
		7465CAD31F17153400795983 /* Release */ = {
			isa = XCBuildConfiguration;
			buildSettings = {
				ASSETCATALOG_COMPILER_APPICON_NAME = AppIcon;
				INFOPLIST_FILE = Second/Info.plist;
				LD_RUNPATH_SEARCH_PATHS = "$(inherited) @executable_path/Frameworks";
				PRODUCT_BUNDLE_IDENTIFIER = com.xxx.Second;
				PRODUCT_NAME = "$(TARGET_NAME)";
			};
			name = Release;
		};
		7465CAD51F17153400795983 /* Debug */ = {
			isa = XCBuildConfiguration;
			buildSettings = {
				BUNDLE_LOADER = "$(TEST_HOST)";
				INFOPLIST_FILE = SecondTests/Info.plist;
				LD_RUNPATH_SEARCH_PATHS = "$(inherited) @executable_path/Frameworks @loader_path/Frameworks";
				PRODUCT_BUNDLE_IDENTIFIER = com.xxx.SecondTests;
				PRODUCT_NAME = "$(TARGET_NAME)";
				TEST_HOST = "$(BUILT_PRODUCTS_DIR)/Second.app/Second";
			};
			name = Debug;
		};
		7465CAD61F17153400795983 /* Release */ = {
			isa = XCBuildConfiguration;
			buildSettings = {
				BUNDLE_LOADER = "$(TEST_HOST)";
				INFOPLIST_FILE = SecondTests/Info.plist;
				LD_RUNPATH_SEARCH_PATHS = "$(inherited) @executable_path/Frameworks @loader_path/Frameworks";
				PRODUCT_BUNDLE_IDENTIFIER = com.xxx.SecondTests;
				PRODUCT_NAME = "$(TARGET_NAME)";
				TEST_HOST = "$(BUILT_PRODUCTS_DIR)/Second.app/Second";
			};
			name = Release;
		};
		7465CAD81F17153400795983 /* Debug */ = {
			isa = XCBuildConfiguration;
			buildSettings = {
				INFOPLIST_FILE = SecondUITests/Info.plist;
				LD_RUNPATH_SEARCH_PATHS = "$(inherited) @executable_path/Frameworks @loader_path/Frameworks";
				PRODUCT_BUNDLE_IDENTIFIER = com.xxx.SecondUITests;
				PRODUCT_NAME = "$(TARGET_NAME)";
				TEST_TARGET_NAME = Second;
			};
			name = Debug;
		};
		7465CAD91F17153400795983 /* Release */ = {
			isa = XCBuildConfiguration;
			buildSettings = {
				INFOPLIST_FILE = SecondUITests/Info.plist;
				LD_RUNPATH_SEARCH_PATHS = "$(inherited) @executable_path/Frameworks @loader_path/Frameworks";
				PRODUCT_BUNDLE_IDENTIFIER = com.xxx.SecondUITests;
				PRODUCT_NAME = "$(TARGET_NAME)";
				TEST_TARGET_NAME = Second;
			};
			name = Release;
		};
/* End XCBuildConfiguration section */

/* Begin XCConfigurationList section */
		7465CA9F1F17153300795983 /* Build configuration list for PBXProject "Second" */ = {
			isa = XCConfigurationList;
			buildConfigurations = (
				7465CACF1F17153400795983 /* Debug */,
				7465CAD01F17153400795983 /* Release */,
			);
			defaultConfigurationIsVisible = 0;
			defaultConfigurationName = Release;
		};
		7465CAD11F17153400795983 /* Build configuration list for PBXNativeTarget "Second" */ = {
			isa = XCConfigurationList;
			buildConfigurations = (
				7465CAD21F17153400795983 /* Debug */,
				7465CAD31F17153400795983 /* Release */,
			);
			defaultConfigurationIsVisible = 0;
		};
		7465CAD41F17153400795983 /* Build configuration list for PBXNativeTarget "SecondTests" */ = {
			isa = XCConfigurationList;
			buildConfigurations = (
				7465CAD51F17153400795983 /* Debug */,
				7465CAD61F17153400795983 /* Release */,
			);
			defaultConfigurationIsVisible = 0;
		};
		7465CAD71F17153400795983 /* Build configuration list for PBXNativeTarget "SecondUITests" */ = {
			isa = XCConfigurationList;
			buildConfigurations = (
				7465CAD81F17153400795983 /* Debug */,
				7465CAD91F17153400795983 /* Release */,
			);
			defaultConfigurationIsVisible = 0;
		};
/* End XCConfigurationList section */
	};
	rootObject = 7465CA9C1F17153300795983 /* Project object */;
}
